
Microsoft Visual Studio Solution File, Format Version 12.00
# Visual Studio Version 17
VisualStudioVersion = 17.4.33110.190
MinimumVisualStudioVersion = 10.0.40219.1
Project("{8BC9CEB8-8B4A-11D0-8D11-00A0C91BC942}") = "diploma", "diploma\diploma.vcxproj", "{6C4B1001-A661-47E6-8BA0-3C5FBD7101B5}"
EndProject
Project("{8BC9CEB8-8B4A-11D0-8D11-00A0C91BC942}") = "Transport_task", "Transport_task\Transport_task.vcxproj", "{2145FA44-6610-4772-AA5D-1D6097856C16}"
EndProject
Project("{8BC9CEB8-8B4A-11D0-8D11-00A0C91BC942}") = "ConsistensTest", "ConsistensTest\ConsistensTest.vcxproj", "{D846CC3E-36C1-46B3-BF69-135588A5A910}"
EndProject
Global
	GlobalSection(SolutionConfigurationPlatforms) = preSolution
		Debug|x64 = Debug|x64
		Debug|x86 = Debug|x86
		Release|x64 = Release|x64
		Release|x86 = Release|x86
	EndGlobalSection
	GlobalSection(ProjectConfigurationPlatforms) = postSolution
		{6C4B1001-A661-47E6-8BA0-3C5FBD7101B5}.Debug|x64.ActiveCfg = Debug|x64
		{6C4B1001-A661-47E6-8BA0-3C5FBD7101B5}.Debug|x64.Build.0 = Debug|x64
		{6C4B1001-A661-47E6-8BA0-3C5FBD7101B5}.Debug|x86.ActiveCfg = Debug|Win32
		{6C4B1001-A661-47E6-8BA0-3C5FBD7101B5}.Debug|x86.Build.0 = Debug|Win32
		{6C4B1001-A661-47E6-8BA0-3C5FBD7101B5}.Release|x64.ActiveCfg = Release|x64
		{6C4B1001-A661-47E6-8BA0-3C5FBD7101B5}.Release|x64.Build.0 = Release|x64
		{6C4B1001-A661-47E6-8BA0-3C5FBD7101B5}.Release|x86.ActiveCfg = Release|Win32
		{6C4B1001-A661-47E6-8BA0-3C5FBD7101B5}.Release|x86.Build.0 = Release|Win32
		{2145FA44-6610-4772-AA5D-1D6097856C16}.Debug|x64.ActiveCfg = Debug|x64
		{2145FA44-6610-4772-AA5D-1D6097856C16}.Debug|x64.Build.0 = Debug|x64
		{2145FA44-6610-4772-AA5D-1D6097856C16}.Debug|x86.ActiveCfg = Debug|Win32
		{2145FA44-6610-4772-AA5D-1D6097856C16}.Debug|x86.Build.0 = Debug|Win32
		{2145FA44-6610-4772-AA5D-1D6097856C16}.Release|x64.ActiveCfg = Release|x64
		{2145FA44-6610-4772-AA5D-1D6097856C16}.Release|x64.Build.0 = Release|x64
		{2145FA44-6610-4772-AA5D-1D6097856C16}.Release|x86.ActiveCfg = Release|Win32
		{2145FA44-6610-4772-AA5D-1D6097856C16}.Release|x86.Build.0 = Release|Win32
		{D846CC3E-36C1-46B3-BF69-135588A5A910}.Debug|x64.ActiveCfg = Debug|x64
		{D846CC3E-36C1-46B3-BF69-135588A5A910}.Debug|x64.Build.0 = Debug|x64
		{D846CC3E-36C1-46B3-BF69-135588A5A910}.Debug|x86.ActiveCfg = Debug|Win32
		{D846CC3E-36C1-46B3-BF69-135588A5A910}.Debug|x86.Build.0 = Debug|Win32
		{D846CC3E-36C1-46B3-BF69-135588A5A910}.Release|x64.ActiveCfg = Release|x64
		{D846CC3E-36C1-46B3-BF69-135588A5A910}.Release|x64.Build.0 = Release|x64
		{D846CC3E-36C1-46B3-BF69-135588A5A910}.Release|x86.ActiveCfg = Release|Win32
		{D846CC3E-36C1-46B3-BF69-135588A5A910}.Release|x86.Build.0 = Release|Win32
	EndGlobalSection
	GlobalSection(SolutionProperties) = preSolution
		HideSolutionNode = FALSE
	EndGlobalSection
	GlobalSection(ExtensibilityGlobals) = postSolution
		SolutionGuid = {FE0280B1-3084-44EE-9076-FEA727F8882F}
	EndGlobalSection
EndGlobal
